
Microsoft Visual Studio Solution File, Format Version 12.00
# Visual Studio Version 16
VisualStudioVersion = 16.0.30114.105
MinimumVisualStudioVersion = 10.0.40219.1
Project("{FAE04EC0-301F-11D3-BF4B-00C04F79EFBC}") = "ProjectMobileAPI", "ProjectMobileAPI\ProjectMobileAPI.csproj", "{70082AF8-C2E9-451E-8FA2-4ED571454264}"
EndProject
Global
	GlobalSection(SolutionConfigurationPlatforms) = preSolution
		Debug|Any CPU = Debug|Any CPU
		Release|Any CPU = Release|Any CPU
	EndGlobalSection
	GlobalSection(ProjectConfigurationPlatforms) = postSolution
		{70082AF8-C2E9-451E-8FA2-4ED571454264}.Debug|Any CPU.ActiveCfg = Debug|Any CPU
		{70082AF8-C2E9-451E-8FA2-4ED571454264}.Debug|Any CPU.Build.0 = Debug|Any CPU
		{70082AF8-C2E9-451E-8FA2-4ED571454264}.Release|Any CPU.ActiveCfg = Release|Any CPU
		{70082AF8-C2E9-451E-8FA2-4ED571454264}.Release|Any CPU.Build.0 = Release|Any CPU
	EndGlobalSection
	GlobalSection(SolutionProperties) = preSolution
		HideSolutionNode = FALSE
	EndGlobalSection
	GlobalSection(ExtensibilityGlobals) = postSolution
		SolutionGuid = {1ED372DA-558D-4E32-8D9B-3DCC720FBD24}
	EndGlobalSection
EndGlobal
